
Microsoft Visual Studio Solution File, Format Version 12.00
# Visual Studio Version 16
VisualStudioVersion = 16.0.31729.503
MinimumVisualStudioVersion = 10.0.40219.1
Project("{8BC9CEB8-8B4A-11D0-8D11-00A0C91BC942}") = "Diabolique2", "Diabolique2\Diabolique2.vcxproj", "{3759499B-3D4A-4574-B960-1C746A1CA80A}"
EndProject
Project("{9A19103F-16F7-4668-BE54-9A1E7A4F7556}") = "DiaboliqueServerUI", "DiaboliqueServerUI\DiaboliqueServerUI.csproj", "{7E88D29A-8069-43B0-A0BD-C2D0A3909235}"
EndProject
Project("{8BC9CEB8-8B4A-11D0-8D11-00A0C91BC942}") = "DiaboliqueAutoRestart", "DiaboliqueAutoRestart\DiaboliqueAutoRestart.vcxproj", "{871DE07A-253D-4A1C-A08C-F66B2D1CD977}"
EndProject
Project("{8BC9CEB8-8B4A-11D0-8D11-00A0C91BC942}") = "DiaboliquePacker", "DiaboliquePacker\DiaboliquePacker.vcxproj", "{45A28222-A0B1-4153-968D-7FA0783AD6EC}"
EndProject
Global
	GlobalSection(SolutionConfigurationPlatforms) = preSolution
		DEBUG_SERVER|Any CPU = DEBUG_SERVER|Any CPU
		DEBUG_SERVER|x64 = DEBUG_SERVER|x64
		DEBUG_SERVER|x86 = DEBUG_SERVER|x86
		Debug|Any CPU = Debug|Any CPU
		Debug|x64 = Debug|x64
		Debug|x86 = Debug|x86
		PACKADADAFILLLA|Any CPU = PACKADADAFILLLA|Any CPU
		PACKADADAFILLLA|x64 = PACKADADAFILLLA|x64
		PACKADADAFILLLA|x86 = PACKADADAFILLLA|x86
		PackDaFile|Any CPU = PackDaFile|Any CPU
		PackDaFile|x64 = PackDaFile|x64
		PackDaFile|x86 = PackDaFile|x86
		Release|Any CPU = Release|Any CPU
		Release|x64 = Release|x64
		Release|x86 = Release|x86
		ReleaseDLL|Any CPU = ReleaseDLL|Any CPU
		ReleaseDLL|x64 = ReleaseDLL|x64
		ReleaseDLL|x86 = ReleaseDLL|x86
		ReleaseServer|Any CPU = ReleaseServer|Any CPU
		ReleaseServer|x64 = ReleaseServer|x64
		ReleaseServer|x86 = ReleaseServer|x86
		ServerDLL|Any CPU = ServerDLL|Any CPU
		ServerDLL|x64 = ServerDLL|x64
		ServerDLL|x86 = ServerDLL|x86
	EndGlobalSection
	GlobalSection(ProjectConfigurationPlatforms) = postSolution
		{3759499B-3D4A-4574-B960-1C746A1CA80A}.DEBUG_SERVER|Any CPU.ActiveCfg = DEBUG_SERVER|Win32
		{3759499B-3D4A-4574-B960-1C746A1CA80A}.DEBUG_SERVER|x64.ActiveCfg = DEBUG_SERVER|x64
		{3759499B-3D4A-4574-B960-1C746A1CA80A}.DEBUG_SERVER|x64.Build.0 = DEBUG_SERVER|x64
		{3759499B-3D4A-4574-B960-1C746A1CA80A}.DEBUG_SERVER|x86.ActiveCfg = DEBUG_SERVER|Win32
		{3759499B-3D4A-4574-B960-1C746A1CA80A}.DEBUG_SERVER|x86.Build.0 = DEBUG_SERVER|Win32
		{3759499B-3D4A-4574-B960-1C746A1CA80A}.Debug|Any CPU.ActiveCfg = Debug|Win32
		{3759499B-3D4A-4574-B960-1C746A1CA80A}.Debug|x64.ActiveCfg = Debug|x64
		{3759499B-3D4A-4574-B960-1C746A1CA80A}.Debug|x64.Build.0 = Debug|x64
		{3759499B-3D4A-4574-B960-1C746A1CA80A}.Debug|x86.ActiveCfg = Debug|Win32
		{3759499B-3D4A-4574-B960-1C746A1CA80A}.Debug|x86.Build.0 = Debug|Win32
		{3759499B-3D4A-4574-B960-1C746A1CA80A}.PACKADADAFILLLA|Any CPU.ActiveCfg = PACKADADAFILLLA|Win32
		{3759499B-3D4A-4574-B960-1C746A1CA80A}.PACKADADAFILLLA|x64.ActiveCfg = PACKADADAFILLLA|x64
		{3759499B-3D4A-4574-B960-1C746A1CA80A}.PACKADADAFILLLA|x64.Build.0 = PACKADADAFILLLA|x64
		{3759499B-3D4A-4574-B960-1C746A1CA80A}.PACKADADAFILLLA|x86.ActiveCfg = PACKADADAFILLLA|Win32
		{3759499B-3D4A-4574-B960-1C746A1CA80A}.PACKADADAFILLLA|x86.Build.0 = PACKADADAFILLLA|Win32
		{3759499B-3D4A-4574-B960-1C746A1CA80A}.PackDaFile|Any CPU.ActiveCfg = PackDaFile|Win32
		{3759499B-3D4A-4574-B960-1C746A1CA80A}.PackDaFile|x64.ActiveCfg = PackDaFile|x64
		{3759499B-3D4A-4574-B960-1C746A1CA80A}.PackDaFile|x64.Build.0 = PackDaFile|x64
		{3759499B-3D4A-4574-B960-1C746A1CA80A}.PackDaFile|x86.ActiveCfg = PackDaFile|Win32
		{3759499B-3D4A-4574-B960-1C746A1CA80A}.PackDaFile|x86.Build.0 = PackDaFile|Win32
		{3759499B-3D4A-4574-B960-1C746A1CA80A}.Release|Any CPU.ActiveCfg = Release|Win32
		{3759499B-3D4A-4574-B960-1C746A1CA80A}.Release|x64.ActiveCfg = Release|x64
		{3759499B-3D4A-4574-B960-1C746A1CA80A}.Release|x64.Build.0 = Release|x64
		{3759499B-3D4A-4574-B960-1C746A1CA80A}.Release|x86.ActiveCfg = Release|Win32
		{3759499B-3D4A-4574-B960-1C746A1CA80A}.Release|x86.Build.0 = Release|Win32
		{3759499B-3D4A-4574-B960-1C746A1CA80A}.ReleaseDLL|Any CPU.ActiveCfg = ReleaseDLL|Win32
		{3759499B-3D4A-4574-B960-1C746A1CA80A}.ReleaseDLL|x64.ActiveCfg = ReleaseDLL|x64
		{3759499B-3D4A-4574-B960-1C746A1CA80A}.ReleaseDLL|x64.Build.0 = ReleaseDLL|x64
		{3759499B-3D4A-4574-B960-1C746A1CA80A}.ReleaseDLL|x86.ActiveCfg = ReleaseDLL|Win32
		{3759499B-3D4A-4574-B960-1C746A1CA80A}.ReleaseDLL|x86.Build.0 = ReleaseDLL|Win32
		{3759499B-3D4A-4574-B960-1C746A1CA80A}.ReleaseServer|Any CPU.ActiveCfg = ReleaseServer|Win32
		{3759499B-3D4A-4574-B960-1C746A1CA80A}.ReleaseServer|x64.ActiveCfg = ReleaseServer|x64
		{3759499B-3D4A-4574-B960-1C746A1CA80A}.ReleaseServer|x64.Build.0 = ReleaseServer|x64
		{3759499B-3D4A-4574-B960-1C746A1CA80A}.ReleaseServer|x86.ActiveCfg = ReleaseServer|Win32
		{3759499B-3D4A-4574-B960-1C746A1CA80A}.ReleaseServer|x86.Build.0 = ReleaseServer|Win32
		{3759499B-3D4A-4574-B960-1C746A1CA80A}.ServerDLL|Any CPU.ActiveCfg = ServerDLL|Win32
		{3759499B-3D4A-4574-B960-1C746A1CA80A}.ServerDLL|x64.ActiveCfg = ServerDLL|x64
		{3759499B-3D4A-4574-B960-1C746A1CA80A}.ServerDLL|x64.Build.0 = ServerDLL|x64
		{3759499B-3D4A-4574-B960-1C746A1CA80A}.ServerDLL|x86.ActiveCfg = ServerDLL|Win32
		{3759499B-3D4A-4574-B960-1C746A1CA80A}.ServerDLL|x86.Build.0 = ServerDLL|Win32
		{7E88D29A-8069-43B0-A0BD-C2D0A3909235}.DEBUG_SERVER|Any CPU.ActiveCfg = Debug|Any CPU
		{7E88D29A-8069-43B0-A0BD-C2D0A3909235}.DEBUG_SERVER|Any CPU.Build.0 = Debug|Any CPU
		{7E88D29A-8069-43B0-A0BD-C2D0A3909235}.DEBUG_SERVER|x64.ActiveCfg = Debug|Any CPU
		{7E88D29A-8069-43B0-A0BD-C2D0A3909235}.DEBUG_SERVER|x64.Build.0 = Debug|Any CPU
		{7E88D29A-8069-43B0-A0BD-C2D0A3909235}.DEBUG_SERVER|x86.ActiveCfg = Debug|Any CPU
		{7E88D29A-8069-43B0-A0BD-C2D0A3909235}.DEBUG_SERVER|x86.Build.0 = Debug|Any CPU
		{7E88D29A-8069-43B0-A0BD-C2D0A3909235}.Debug|Any CPU.ActiveCfg = Debug|Any CPU
		{7E88D29A-8069-43B0-A0BD-C2D0A3909235}.Debug|Any CPU.Build.0 = Debug|Any CPU
		{7E88D29A-8069-43B0-A0BD-C2D0A3909235}.Debug|x64.ActiveCfg = Debug|Any CPU
		{7E88D29A-8069-43B0-A0BD-C2D0A3909235}.Debug|x64.Build.0 = Debug|Any CPU
		{7E88D29A-8069-43B0-A0BD-C2D0A3909235}.Debug|x86.ActiveCfg = Debug|Any CPU
		{7E88D29A-8069-43B0-A0BD-C2D0A3909235}.PACKADADAFILLLA|Any CPU.ActiveCfg = PACKADADAFILLLA|Any CPU
		{7E88D29A-8069-43B0-A0BD-C2D0A3909235}.PACKADADAFILLLA|Any CPU.Build.0 = PACKADADAFILLLA|Any CPU
		{7E88D29A-8069-43B0-A0BD-C2D0A3909235}.PACKADADAFILLLA|x64.ActiveCfg = PACKADADAFILLLA|Any CPU
		{7E88D29A-8069-43B0-A0BD-C2D0A3909235}.PACKADADAFILLLA|x64.Build.0 = PACKADADAFILLLA|Any CPU
		{7E88D29A-8069-43B0-A0BD-C2D0A3909235}.PACKADADAFILLLA|x86.ActiveCfg = PACKADADAFILLLA|Any CPU
		{7E88D29A-8069-43B0-A0BD-C2D0A3909235}.PACKADADAFILLLA|x86.Build.0 = PACKADADAFILLLA|Any CPU
		{7E88D29A-8069-43B0-A0BD-C2D0A3909235}.PackDaFile|Any CPU.ActiveCfg = PackDaFile|Any CPU
		{7E88D29A-8069-43B0-A0BD-C2D0A3909235}.PackDaFile|Any CPU.Build.0 = PackDaFile|Any CPU
		{7E88D29A-8069-43B0-A0BD-C2D0A3909235}.PackDaFile|x64.ActiveCfg = PackDaFile|Any CPU
		{7E88D29A-8069-43B0-A0BD-C2D0A3909235}.PackDaFile|x64.Build.0 = PackDaFile|Any CPU
		{7E88D29A-8069-43B0-A0BD-C2D0A3909235}.PackDaFile|x86.ActiveCfg = PackDaFile|Any CPU
		{7E88D29A-8069-43B0-A0BD-C2D0A3909235}.PackDaFile|x86.Build.0 = PackDaFile|Any CPU
		{7E88D29A-8069-43B0-A0BD-C2D0A3909235}.Release|Any CPU.ActiveCfg = Release|Any CPU
		{7E88D29A-8069-43B0-A0BD-C2D0A3909235}.Release|Any CPU.Build.0 = Release|Any CPU
		{7E88D29A-8069-43B0-A0BD-C2D0A3909235}.Release|x64.ActiveCfg = Release|Any CPU
		{7E88D29A-8069-43B0-A0BD-C2D0A3909235}.Release|x64.Build.0 = Release|Any CPU
		{7E88D29A-8069-43B0-A0BD-C2D0A3909235}.Release|x86.ActiveCfg = Release|Any CPU
		{7E88D29A-8069-43B0-A0BD-C2D0A3909235}.Release|x86.Build.0 = Release|Any CPU
		{7E88D29A-8069-43B0-A0BD-C2D0A3909235}.ReleaseDLL|Any CPU.ActiveCfg = ReleaseDLL|Any CPU
		{7E88D29A-8069-43B0-A0BD-C2D0A3909235}.ReleaseDLL|Any CPU.Build.0 = ReleaseDLL|Any CPU
		{7E88D29A-8069-43B0-A0BD-C2D0A3909235}.ReleaseDLL|x64.ActiveCfg = ReleaseDLL|Any CPU
		{7E88D29A-8069-43B0-A0BD-C2D0A3909235}.ReleaseDLL|x64.Build.0 = ReleaseDLL|Any CPU
		{7E88D29A-8069-43B0-A0BD-C2D0A3909235}.ReleaseDLL|x86.ActiveCfg = ReleaseDLL|Any CPU
		{7E88D29A-8069-43B0-A0BD-C2D0A3909235}.ReleaseDLL|x86.Build.0 = ReleaseDLL|Any CPU
		{7E88D29A-8069-43B0-A0BD-C2D0A3909235}.ReleaseServer|Any CPU.ActiveCfg = Release|Any CPU
		{7E88D29A-8069-43B0-A0BD-C2D0A3909235}.ReleaseServer|Any CPU.Build.0 = Release|Any CPU
		{7E88D29A-8069-43B0-A0BD-C2D0A3909235}.ReleaseServer|x64.ActiveCfg = Release|Any CPU
		{7E88D29A-8069-43B0-A0BD-C2D0A3909235}.ReleaseServer|x64.Build.0 = Release|Any CPU
		{7E88D29A-8069-43B0-A0BD-C2D0A3909235}.ReleaseServer|x86.ActiveCfg = Release|Any CPU
		{7E88D29A-8069-43B0-A0BD-C2D0A3909235}.ReleaseServer|x86.Build.0 = Release|Any CPU
		{7E88D29A-8069-43B0-A0BD-C2D0A3909235}.ServerDLL|Any CPU.ActiveCfg = ServerDLL|Any CPU
		{7E88D29A-8069-43B0-A0BD-C2D0A3909235}.ServerDLL|Any CPU.Build.0 = ServerDLL|Any CPU
		{7E88D29A-8069-43B0-A0BD-C2D0A3909235}.ServerDLL|x64.ActiveCfg = ServerDLL|Any CPU
		{7E88D29A-8069-43B0-A0BD-C2D0A3909235}.ServerDLL|x64.Build.0 = ServerDLL|Any CPU
		{7E88D29A-8069-43B0-A0BD-C2D0A3909235}.ServerDLL|x86.ActiveCfg = ServerDLL|Any CPU
		{7E88D29A-8069-43B0-A0BD-C2D0A3909235}.ServerDLL|x86.Build.0 = ServerDLL|Any CPU
		{871DE07A-253D-4A1C-A08C-F66B2D1CD977}.DEBUG_SERVER|Any CPU.ActiveCfg = Debug|Win32
		{871DE07A-253D-4A1C-A08C-F66B2D1CD977}.DEBUG_SERVER|Any CPU.Build.0 = Debug|Win32
		{871DE07A-253D-4A1C-A08C-F66B2D1CD977}.DEBUG_SERVER|x64.ActiveCfg = Debug|x64
		{871DE07A-253D-4A1C-A08C-F66B2D1CD977}.DEBUG_SERVER|x64.Build.0 = Debug|x64
		{871DE07A-253D-4A1C-A08C-F66B2D1CD977}.DEBUG_SERVER|x86.ActiveCfg = Debug|Win32
		{871DE07A-253D-4A1C-A08C-F66B2D1CD977}.DEBUG_SERVER|x86.Build.0 = Debug|Win32
		{871DE07A-253D-4A1C-A08C-F66B2D1CD977}.Debug|Any CPU.ActiveCfg = Debug|Win32
		{871DE07A-253D-4A1C-A08C-F66B2D1CD977}.Debug|x64.ActiveCfg = Debug|x64
		{871DE07A-253D-4A1C-A08C-F66B2D1CD977}.Debug|x64.Build.0 = Debug|x64
		{871DE07A-253D-4A1C-A08C-F66B2D1CD977}.Debug|x86.ActiveCfg = Debug|Win32
		{871DE07A-253D-4A1C-A08C-F66B2D1CD977}.PACKADADAFILLLA|Any CPU.ActiveCfg = PACKADADAFILLLA|Win32
		{871DE07A-253D-4A1C-A08C-F66B2D1CD977}.PACKADADAFILLLA|x64.ActiveCfg = PACKADADAFILLLA|x64
		{871DE07A-253D-4A1C-A08C-F66B2D1CD977}.PACKADADAFILLLA|x64.Build.0 = PACKADADAFILLLA|x64
		{871DE07A-253D-4A1C-A08C-F66B2D1CD977}.PACKADADAFILLLA|x86.ActiveCfg = PACKADADAFILLLA|Win32
		{871DE07A-253D-4A1C-A08C-F66B2D1CD977}.PACKADADAFILLLA|x86.Build.0 = PACKADADAFILLLA|Win32
		{871DE07A-253D-4A1C-A08C-F66B2D1CD977}.PackDaFile|Any CPU.ActiveCfg = PackDaFile|Win32
		{871DE07A-253D-4A1C-A08C-F66B2D1CD977}.PackDaFile|x64.ActiveCfg = PackDaFile|x64
		{871DE07A-253D-4A1C-A08C-F66B2D1CD977}.PackDaFile|x64.Build.0 = PackDaFile|x64
		{871DE07A-253D-4A1C-A08C-F66B2D1CD977}.PackDaFile|x86.ActiveCfg = PackDaFile|Win32
		{871DE07A-253D-4A1C-A08C-F66B2D1CD977}.PackDaFile|x86.Build.0 = PackDaFile|Win32
		{871DE07A-253D-4A1C-A08C-F66B2D1CD977}.Release|Any CPU.ActiveCfg = Release|Win32
		{871DE07A-253D-4A1C-A08C-F66B2D1CD977}.Release|x64.ActiveCfg = Release|x64
		{871DE07A-253D-4A1C-A08C-F66B2D1CD977}.Release|x64.Build.0 = Release|x64
		{871DE07A-253D-4A1C-A08C-F66B2D1CD977}.Release|x86.ActiveCfg = Release|Win32
		{871DE07A-253D-4A1C-A08C-F66B2D1CD977}.Release|x86.Build.0 = Release|Win32
		{871DE07A-253D-4A1C-A08C-F66B2D1CD977}.ReleaseDLL|Any CPU.ActiveCfg = ReleaseDLL|Win32
		{871DE07A-253D-4A1C-A08C-F66B2D1CD977}.ReleaseDLL|x64.ActiveCfg = ReleaseDLL|x64
		{871DE07A-253D-4A1C-A08C-F66B2D1CD977}.ReleaseDLL|x64.Build.0 = ReleaseDLL|x64
		{871DE07A-253D-4A1C-A08C-F66B2D1CD977}.ReleaseDLL|x86.ActiveCfg = ReleaseDLL|Win32
		{871DE07A-253D-4A1C-A08C-F66B2D1CD977}.ReleaseDLL|x86.Build.0 = ReleaseDLL|Win32
		{871DE07A-253D-4A1C-A08C-F66B2D1CD977}.ReleaseServer|Any CPU.ActiveCfg = Debug|Win32
		{871DE07A-253D-4A1C-A08C-F66B2D1CD977}.ReleaseServer|Any CPU.Build.0 = Debug|Win32
		{871DE07A-253D-4A1C-A08C-F66B2D1CD977}.ReleaseServer|x64.ActiveCfg = Release|x64
		{871DE07A-253D-4A1C-A08C-F66B2D1CD977}.ReleaseServer|x64.Build.0 = Release|x64
		{871DE07A-253D-4A1C-A08C-F66B2D1CD977}.ReleaseServer|x86.ActiveCfg = Release|Win32
		{871DE07A-253D-4A1C-A08C-F66B2D1CD977}.ReleaseServer|x86.Build.0 = Release|Win32
		{871DE07A-253D-4A1C-A08C-F66B2D1CD977}.ServerDLL|Any CPU.ActiveCfg = Debug|Win32
		{871DE07A-253D-4A1C-A08C-F66B2D1CD977}.ServerDLL|Any CPU.Build.0 = Debug|Win32
		{871DE07A-253D-4A1C-A08C-F66B2D1CD977}.ServerDLL|x64.ActiveCfg = Debug|x64
		{871DE07A-253D-4A1C-A08C-F66B2D1CD977}.ServerDLL|x64.Build.0 = Debug|x64
		{871DE07A-253D-4A1C-A08C-F66B2D1CD977}.ServerDLL|x86.ActiveCfg = Debug|Win32
		{871DE07A-253D-4A1C-A08C-F66B2D1CD977}.ServerDLL|x86.Build.0 = Debug|Win32
		{45A28222-A0B1-4153-968D-7FA0783AD6EC}.DEBUG_SERVER|Any CPU.ActiveCfg = Debug|Win32
		{45A28222-A0B1-4153-968D-7FA0783AD6EC}.DEBUG_SERVER|Any CPU.Build.0 = Debug|Win32
		{45A28222-A0B1-4153-968D-7FA0783AD6EC}.DEBUG_SERVER|x64.ActiveCfg = Debug|x64
		{45A28222-A0B1-4153-968D-7FA0783AD6EC}.DEBUG_SERVER|x64.Build.0 = Debug|x64
		{45A28222-A0B1-4153-968D-7FA0783AD6EC}.DEBUG_SERVER|x86.ActiveCfg = Debug|Win32
		{45A28222-A0B1-4153-968D-7FA0783AD6EC}.DEBUG_SERVER|x86.Build.0 = Debug|Win32
		{45A28222-A0B1-4153-968D-7FA0783AD6EC}.Debug|Any CPU.ActiveCfg = Debug|Win32
		{45A28222-A0B1-4153-968D-7FA0783AD6EC}.Debug|x64.ActiveCfg = Debug|x64
		{45A28222-A0B1-4153-968D-7FA0783AD6EC}.Debug|x64.Build.0 = Debug|x64
		{45A28222-A0B1-4153-968D-7FA0783AD6EC}.Debug|x86.ActiveCfg = Debug|Win32
		{45A28222-A0B1-4153-968D-7FA0783AD6EC}.PACKADADAFILLLA|Any CPU.ActiveCfg = PACKADADAFILLLA|Win32
		{45A28222-A0B1-4153-968D-7FA0783AD6EC}.PACKADADAFILLLA|x64.ActiveCfg = PACKADADAFILLLA|x64
		{45A28222-A0B1-4153-968D-7FA0783AD6EC}.PACKADADAFILLLA|x64.Build.0 = PACKADADAFILLLA|x64
		{45A28222-A0B1-4153-968D-7FA0783AD6EC}.PACKADADAFILLLA|x86.ActiveCfg = PACKADADAFILLLA|Win32
		{45A28222-A0B1-4153-968D-7FA0783AD6EC}.PACKADADAFILLLA|x86.Build.0 = PACKADADAFILLLA|Win32
		{45A28222-A0B1-4153-968D-7FA0783AD6EC}.PackDaFile|Any CPU.ActiveCfg = PackDaFile|Win32
		{45A28222-A0B1-4153-968D-7FA0783AD6EC}.PackDaFile|x64.ActiveCfg = PackDaFile|x64
		{45A28222-A0B1-4153-968D-7FA0783AD6EC}.PackDaFile|x64.Build.0 = PackDaFile|x64
		{45A28222-A0B1-4153-968D-7FA0783AD6EC}.PackDaFile|x86.ActiveCfg = PackDaFile|Win32
		{45A28222-A0B1-4153-968D-7FA0783AD6EC}.PackDaFile|x86.Build.0 = PackDaFile|Win32
		{45A28222-A0B1-4153-968D-7FA0783AD6EC}.Release|Any CPU.ActiveCfg = Release|Win32
		{45A28222-A0B1-4153-968D-7FA0783AD6EC}.Release|x64.ActiveCfg = Release|x64
		{45A28222-A0B1-4153-968D-7FA0783AD6EC}.Release|x64.Build.0 = Release|x64
		{45A28222-A0B1-4153-968D-7FA0783AD6EC}.Release|x86.ActiveCfg = Release|Win32
		{45A28222-A0B1-4153-968D-7FA0783AD6EC}.Release|x86.Build.0 = Release|Win32
		{45A28222-A0B1-4153-968D-7FA0783AD6EC}.ReleaseDLL|Any CPU.ActiveCfg = ReleaseDLL|Win32
		{45A28222-A0B1-4153-968D-7FA0783AD6EC}.ReleaseDLL|x64.ActiveCfg = ReleaseDLL|x64
		{45A28222-A0B1-4153-968D-7FA0783AD6EC}.ReleaseDLL|x64.Build.0 = ReleaseDLL|x64
		{45A28222-A0B1-4153-968D-7FA0783AD6EC}.ReleaseDLL|x86.ActiveCfg = ReleaseDLL|Win32
		{45A28222-A0B1-4153-968D-7FA0783AD6EC}.ReleaseDLL|x86.Build.0 = ReleaseDLL|Win32
		{45A28222-A0B1-4153-968D-7FA0783AD6EC}.ReleaseServer|Any CPU.ActiveCfg = Debug|Win32
		{45A28222-A0B1-4153-968D-7FA0783AD6EC}.ReleaseServer|Any CPU.Build.0 = Debug|Win32
		{45A28222-A0B1-4153-968D-7FA0783AD6EC}.ReleaseServer|x64.ActiveCfg = Release|x64
		{45A28222-A0B1-4153-968D-7FA0783AD6EC}.ReleaseServer|x64.Build.0 = Release|x64
		{45A28222-A0B1-4153-968D-7FA0783AD6EC}.ReleaseServer|x86.ActiveCfg = Release|Win32
		{45A28222-A0B1-4153-968D-7FA0783AD6EC}.ReleaseServer|x86.Build.0 = Release|Win32
		{45A28222-A0B1-4153-968D-7FA0783AD6EC}.ServerDLL|Any CPU.ActiveCfg = Debug|Win32
		{45A28222-A0B1-4153-968D-7FA0783AD6EC}.ServerDLL|Any CPU.Build.0 = Debug|Win32
		{45A28222-A0B1-4153-968D-7FA0783AD6EC}.ServerDLL|x64.ActiveCfg = Debug|x64
		{45A28222-A0B1-4153-968D-7FA0783AD6EC}.ServerDLL|x64.Build.0 = Debug|x64
		{45A28222-A0B1-4153-968D-7FA0783AD6EC}.ServerDLL|x86.ActiveCfg = Debug|Win32
		{45A28222-A0B1-4153-968D-7FA0783AD6EC}.ServerDLL|x86.Build.0 = Debug|Win32
	EndGlobalSection
	GlobalSection(SolutionProperties) = preSolution
		HideSolutionNode = FALSE
	EndGlobalSection
	GlobalSection(ExtensibilityGlobals) = postSolution
		SolutionGuid = {1B2DB559-D8CA-45B8-9031-EFAE7437AEA3}
	EndGlobalSection
EndGlobal
